<?xml version="1.0" encoding="utf-8"?>
<Project ToolsVersion="4.0" xmlns="http://schemas.microsoft.com/developer/msbuild/2003">
  <ItemGroup>
    <Filter Include="源文件">
      <UniqueIdentifier>{4FC737F1-C7A5-4376-A066-2A32D752A2FF}</UniqueIdentifier>
      <Extensions>cpp;c;cc;cxx;def;odl;idl;hpj;bat;asm;asmx</Extensions>
    </Filter>
    <Filter Include="头文件">
      <UniqueIdentifier>{93995380-89BD-4b04-88EB-625FBE52EBFB}</UniqueIdentifier>
      <Extensions>h;hpp;hxx;hm;inl;inc;xsd</Extensions>
    </Filter>
    <Filter Include="资源文件">
      <UniqueIdentifier>{67DA6AB6-F800-4c08-8B7A-83BB121AAD01}</UniqueIdentifier>
      <Extensions>rc;ico;cur;bmp;dlg;rc2;rct;bin;rgs;gif;jpg;jpeg;jpe;resx;tiff;tif;png;wav;mfcribbon-ms</Extensions>
    </Filter>
    <Filter Include="源文件\net">
      <UniqueIdentifier>{015ef295-b589-42f0-886e-542c16cb5702}</UniqueIdentifier>
    </Filter>
    <Filter Include="源文件\common">
      <UniqueIdentifier>{55f71a72-594d-4314-ac95-554192dee45d}</UniqueIdentifier>
    </Filter>
    <Filter Include="源文件\http">
      <UniqueIdentifier>{7ba4e3b8-44c9-4138-a3f7-a30cf226a95a}</UniqueIdentifier>
    </Filter>
    <Filter Include="源文件\main">
      <UniqueIdentifier>{dc83bc90-2205-43b3-9c27-df8f85e91f8f}</UniqueIdentifier>
    </Filter>
    <Filter Include="源文件\work">
      <UniqueIdentifier>{eb96d410-6883-47ed-a2d9-a613e7313afb}</UniqueIdentifier>
    </Filter>
  </ItemGroup>
  <ItemGroup>
    <ClCompile Include="..\..\net\MySocket.cpp">
      <Filter>源文件\net</Filter>
    </ClCompile>
    <ClCompile Include="..\..\common\MyDef.cpp">
      <Filter>源文件\common</Filter>
    </ClCompile>
    <ClCompile Include="..\..\http\Http.cpp">
      <Filter>源文件\http</Filter>
    </ClCompile>
    <ClCompile Include="..\..\main\main.cpp">
      <Filter>源文件\main</Filter>
    </ClCompile>
    <ClCompile Include="..\..\work\MyWork.cpp">
      <Filter>源文件\work</Filter>
    </ClCompile>
    <ClCompile Include="..\..\work\Work.cpp">
      <Filter>源文件\work</Filter>
    </ClCompile>
  </ItemGroup>
  <ItemGroup>
    <ClInclude Include="..\..\net\MySocket.h">
      <Filter>源文件\net</Filter>
    </ClInclude>
    <ClInclude Include="..\..\common\MyDef.h">
      <Filter>源文件\common</Filter>
    </ClInclude>
    <ClInclude Include="..\..\http\Http.h">
      <Filter>源文件\http</Filter>
    </ClInclude>
    <ClInclude Include="..\..\work\MyWork.h">
      <Filter>源文件\work</Filter>
    </ClInclude>
    <ClInclude Include="..\..\work\Work.h">
      <Filter>源文件\work</Filter>
    </ClInclude>
  </ItemGroup>
</Project>
